
Microsoft Visual Studio Solution File, Format Version 12.00
# Visual Studio Version 17
VisualStudioVersion = 17.14.36705.20
MinimumVisualStudioVersion = 10.0.40219.1
Project("{FAE04EC0-301F-11D3-BF4B-00C04F79EFBC}") = "GlassStore.Entities.TriCH", "GlassStore.Entities.TriCH\GlassStore.Entities.TriCH.csproj", "{902AB345-5B4D-9C54-0C86-2727EAE555EF}"
EndProject
Project("{FAE04EC0-301F-11D3-BF4B-00C04F79EFBC}") = "GlassStore.Repositories.TriCH", "GlassStore.Repositories.TriCH\GlassStore.Repositories.TriCH.csproj", "{F0AC28F5-F0EE-4910-B940-E3D5841FE1CB}"
EndProject
Project("{FAE04EC0-301F-11D3-BF4B-00C04F79EFBC}") = "GlassStore.Services.TriCH", "GlassStore.Services.TriCH\GlassStore.Services.TriCH.csproj", "{CB2ACF56-9EEF-55B9-7A7E-3BF4FE72B310}"
EndProject
Project("{FAE04EC0-301F-11D3-BF4B-00C04F79EFBC}") = "GlassStore.Razor.WebAppTriCH", "GlassStore.Razor.WebAppTriCH\GlassStore.Razor.WebAppTriCH.csproj", "{68F6DFBD-D6E8-4215-9169-4690EEB00ADA}"
EndProject
Global
	GlobalSection(SolutionConfigurationPlatforms) = preSolution
		Debug|Any CPU = Debug|Any CPU
		Release|Any CPU = Release|Any CPU
	EndGlobalSection
	GlobalSection(ProjectConfigurationPlatforms) = postSolution
		{902AB345-5B4D-9C54-0C86-2727EAE555EF}.Debug|Any CPU.ActiveCfg = Debug|Any CPU
		{902AB345-5B4D-9C54-0C86-2727EAE555EF}.Debug|Any CPU.Build.0 = Debug|Any CPU
		{902AB345-5B4D-9C54-0C86-2727EAE555EF}.Release|Any CPU.ActiveCfg = Release|Any CPU
		{902AB345-5B4D-9C54-0C86-2727EAE555EF}.Release|Any CPU.Build.0 = Release|Any CPU
		{F0AC28F5-F0EE-4910-B940-E3D5841FE1CB}.Debug|Any CPU.ActiveCfg = Debug|Any CPU
		{F0AC28F5-F0EE-4910-B940-E3D5841FE1CB}.Debug|Any CPU.Build.0 = Debug|Any CPU
		{F0AC28F5-F0EE-4910-B940-E3D5841FE1CB}.Release|Any CPU.ActiveCfg = Release|Any CPU
		{F0AC28F5-F0EE-4910-B940-E3D5841FE1CB}.Release|Any CPU.Build.0 = Release|Any CPU
		{CB2ACF56-9EEF-55B9-7A7E-3BF4FE72B310}.Debug|Any CPU.ActiveCfg = Debug|Any CPU
		{CB2ACF56-9EEF-55B9-7A7E-3BF4FE72B310}.Debug|Any CPU.Build.0 = Debug|Any CPU
		{CB2ACF56-9EEF-55B9-7A7E-3BF4FE72B310}.Release|Any CPU.ActiveCfg = Release|Any CPU
		{CB2ACF56-9EEF-55B9-7A7E-3BF4FE72B310}.Release|Any CPU.Build.0 = Release|Any CPU
		{68F6DFBD-D6E8-4215-9169-4690EEB00ADA}.Debug|Any CPU.ActiveCfg = Debug|Any CPU
		{68F6DFBD-D6E8-4215-9169-4690EEB00ADA}.Debug|Any CPU.Build.0 = Debug|Any CPU
		{68F6DFBD-D6E8-4215-9169-4690EEB00ADA}.Release|Any CPU.ActiveCfg = Release|Any CPU
		{68F6DFBD-D6E8-4215-9169-4690EEB00ADA}.Release|Any CPU.Build.0 = Release|Any CPU
	EndGlobalSection
	GlobalSection(SolutionProperties) = preSolution
		HideSolutionNode = FALSE
	EndGlobalSection
	GlobalSection(ExtensibilityGlobals) = postSolution
		SolutionGuid = {588D737A-EE1F-4A7D-BFFA-32AFCE9A2E38}
	EndGlobalSection
EndGlobal
