
Microsoft Visual Studio Solution File, Format Version 12.00
# Visual Studio Version 17
VisualStudioVersion = 17.14.37027.9
MinimumVisualStudioVersion = 10.0.40219.1
Project("{FAE04EC0-301F-11D3-BF4B-00C04F79EFBC}") = "Port3000Client", "Port3000Client\Port3000Client.csproj", "{2CD81B85-9AA8-4682-909A-6723E114F2F9}"
EndProject
Project("{FAE04EC0-301F-11D3-BF4B-00C04F79EFBC}") = "Port3000Server", "Port3000Server\Port3000Server.csproj", "{5CAD2552-CDA1-4647-E864-21429C9518E9}"
EndProject
Global
	GlobalSection(SolutionConfigurationPlatforms) = preSolution
		Debug|Any CPU = Debug|Any CPU
		Release|Any CPU = Release|Any CPU
	EndGlobalSection
	GlobalSection(ProjectConfigurationPlatforms) = postSolution
		{2CD81B85-9AA8-4682-909A-6723E114F2F9}.Debug|Any CPU.ActiveCfg = Debug|Any CPU
		{2CD81B85-9AA8-4682-909A-6723E114F2F9}.Debug|Any CPU.Build.0 = Debug|Any CPU
		{2CD81B85-9AA8-4682-909A-6723E114F2F9}.Release|Any CPU.ActiveCfg = Release|Any CPU
		{2CD81B85-9AA8-4682-909A-6723E114F2F9}.Release|Any CPU.Build.0 = Release|Any CPU
		{5CAD2552-CDA1-4647-E864-21429C9518E9}.Debug|Any CPU.ActiveCfg = Debug|Any CPU
		{5CAD2552-CDA1-4647-E864-21429C9518E9}.Debug|Any CPU.Build.0 = Debug|Any CPU
		{5CAD2552-CDA1-4647-E864-21429C9518E9}.Release|Any CPU.ActiveCfg = Release|Any CPU
		{5CAD2552-CDA1-4647-E864-21429C9518E9}.Release|Any CPU.Build.0 = Release|Any CPU
	EndGlobalSection
	GlobalSection(SolutionProperties) = preSolution
		HideSolutionNode = FALSE
	EndGlobalSection
	GlobalSection(ExtensibilityGlobals) = postSolution
		SolutionGuid = {2DCC4CE0-FB4C-43A2-B990-6A381DB1507D}
	EndGlobalSection
EndGlobal
